// !$*UTF8*$!
{
	archiveVersion = 1;
	classes = {
	};
	objectVersion = 77;
	objects = {

/* Begin PBXContainerItemProxy section */
		07ACEFBD2CA46AE3004F0E32 /* PBXContainerItemProxy */ = {
			isa = PBXContainerItemProxy;
			containerPortal = 07ACEFA42CA46AE2004F0E32 /* Project object */;
			proxyType = 1;
			remoteGlobalIDString = 07ACEFAB2CA46AE2004F0E32;
			remoteInfo = WeatherForcast;
		};
		07ACEFC72CA46AE3004F0E32 /* PBXContainerItemProxy */ = {
			isa = PBXContainerItemProxy;
			containerPortal = 07ACEFA42CA46AE2004F0E32 /* Project object */;
			proxyType = 1;
			remoteGlobalIDString = 07ACEFAB2CA46AE2004F0E32;
			remoteInfo = WeatherForcast;
		};
/* End PBXContainerItemProxy section */

/* Begin PBXFileReference section */
		07ACEFAC2CA46AE2004F0E32 /* WeatherForcast.app */ = {isa = PBXFileReference; explicitFileType = wrapper.application; includeInIndex = 0; path = WeatherForcast.app; sourceTree = BUILT_PRODUCTS_DIR; };
		07ACEFBC2CA46AE3004F0E32 /* WeatherForcastTests.xctest */ = {isa = PBXFileReference; explicitFileType = wrapper.cfbundle; includeInIndex = 0; path = WeatherForcastTests.xctest; sourceTree = BUILT_PRODUCTS_DIR; };
		07ACEFC62CA46AE3004F0E32 /* WeatherForcastUITests.xctest */ = {isa = PBXFileReference; explicitFileType = wrapper.cfbundle; includeInIndex = 0; path = WeatherForcastUITests.xctest; sourceTree = BUILT_PRODUCTS_DIR; };
/* End PBXFileReference section */

/* Begin PBXFileSystemSynchronizedRootGroup section */
		07ACEFAE2CA46AE2004F0E32 /* WeatherForcast */ = {
			isa = PBXFileSystemSynchronizedRootGroup;
			path = WeatherForcast;
			sourceTree = "<group>";
		};
		07ACEFBF2CA46AE3004F0E32 /* WeatherForcastTests */ = {
			isa = PBXFileSystemSynchronizedRootGroup;
			path = WeatherForcastTests;
			sourceTree = "<group>";
		};
		07ACEFC92CA46AE3004F0E32 /* WeatherForcastUITests */ = {
			isa = PBXFileSystemSynchronizedRootGroup;
			path = WeatherForcastUITests;
			sourceTree = "<group>";
		};
/* End PBXFileSystemSynchronizedRootGroup section */

/* Begin PBXFrameworksBuildPhase section */
		07ACEFA92CA46AE2004F0E32 /* Frameworks */ = {
			isa = PBXFrameworksBuildPhase;
			buildActionMask = 2147483647;
			files = (
			);
			runOnlyForDeploymentPostprocessing = 0;
		};
		07ACEFB92CA46AE3004F0E32 /* Frameworks */ = {
			isa = PBXFrameworksBuildPhase;
			buildActionMask = 2147483647;
			files = (
			);
			runOnlyForDeploymentPostprocessing = 0;
		};
		07ACEFC32CA46AE3004F0E32 /* Frameworks */ = {
			isa = PBXFrameworksBuildPhase;
			buildActionMask = 2147483647;
			files = (
			);
			runOnlyForDeploymentPostprocessing = 0;
		};
/* End PBXFrameworksBuildPhase section */

/* Begin PBXGroup section */
		07ACEFA32CA46AE2004F0E32 = {
			isa = PBXGroup;
			children = (
				07ACEFAE2CA46AE2004F0E32 /* WeatherForcast */,
				07ACEFBF2CA46AE3004F0E32 /* WeatherForcastTests */,
				07ACEFC92CA46AE3004F0E32 /* WeatherForcastUITests */,
				07ACEFAD2CA46AE2004F0E32 /* Products */,
			);
			sourceTree = "<group>";
		};
		07ACEFAD2CA46AE2004F0E32 /* Products */ = {
			isa = PBXGroup;
			children = (
				07ACEFAC2CA46AE2004F0E32 /* WeatherForcast.app */,
				07ACEFBC2CA46AE3004F0E32 /* WeatherForcastTests.xctest */,
				07ACEFC62CA46AE3004F0E32 /* WeatherForcastUITests.xctest */,
			);
			name = Products;
			sourceTree = "<group>";
		};
/* End PBXGroup section */

/* Begin PBXNativeTarget section */
		07ACEFAB2CA46AE2004F0E32 /* WeatherForcast */ = {
			isa = PBXNativeTarget;
			buildConfigurationList = 07ACEFD02CA46AE3004F0E32 /* Build configuration list for PBXNativeTarget "WeatherForcast" */;
			buildPhases = (
				07ACEFA82CA46AE2004F0E32 /* Sources */,
				07ACEFA92CA46AE2004F0E32 /* Frameworks */,
				07ACEFAA2CA46AE2004F0E32 /* Resources */,
			);
			buildRules = (
			);
			dependencies = (
			);
			fileSystemSynchronizedGroups = (
				07ACEFAE2CA46AE2004F0E32 /* WeatherForcast */,
			);
			name = WeatherForcast;
			packageProductDependencies = (
			);
			productName = WeatherForcast;
			productReference = 07ACEFAC2CA46AE2004F0E32 /* WeatherForcast.app */;
			productType = "com.apple.product-type.application";
		};
		07ACEFBB2CA46AE3004F0E32 /* WeatherForcastTests */ = {
			isa = PBXNativeTarget;
			buildConfigurationList = 07ACEFD32CA46AE3004F0E32 /* Build configuration list for PBXNativeTarget "WeatherForcastTests" */;
			buildPhases = (
				07ACEFB82CA46AE3004F0E32 /* Sources */,
				07ACEFB92CA46AE3004F0E32 /* Frameworks */,
				07ACEFBA2CA46AE3004F0E32 /* Resources */,
			);
			buildRules = (
			);
			dependencies = (
				07ACEFBE2CA46AE3004F0E32 /* PBXTargetDependency */,
			);
			fileSystemSynchronizedGroups = (
				07ACEFBF2CA46AE3004F0E32 /* WeatherForcastTests */,
			);
			name = WeatherForcastTests;
			packageProductDependencies = (
			);
			productName = WeatherForcastTests;
			productReference = 07ACEFBC2CA46AE3004F0E32 /* WeatherForcastTests.xctest */;
			productType = "com.apple.product-type.bundle.unit-test";
		};
		07ACEFC52CA46AE3004F0E32 /* WeatherForcastUITests */ = {
			isa = PBXNativeTarget;
			buildConfigurationList = 07ACEFD62CA46AE3004F0E32 /* Build configuration list for PBXNativeTarget "WeatherForcastUITests" */;
			buildPhases = (
				07ACEFC22CA46AE3004F0E32 /* Sources */,
				07ACEFC32CA46AE3004F0E32 /* Frameworks */,
				07ACEFC42CA46AE3004F0E32 /* Resources */,
			);
			buildRules = (
			);
			dependencies = (
				07ACEFC82CA46AE3004F0E32 /* PBXTargetDependency */,
			);
			fileSystemSynchronizedGroups = (
				07ACEFC92CA46AE3004F0E32 /* WeatherForcastUITests */,
			);
			name = WeatherForcastUITests;
			packageProductDependencies = (
			);
			productName = WeatherForcastUITests;
			productReference = 07ACEFC62CA46AE3004F0E32 /* WeatherForcastUITests.xctest */;
			productType = "com.apple.product-type.bundle.ui-testing";
		};
/* End PBXNativeTarget section */

/* Begin PBXProject section */
		07ACEFA42CA46AE2004F0E32 /* Project object */ = {
			isa = PBXProject;
			attributes = {
				BuildIndependentTargetsInParallel = 1;
				LastSwiftUpdateCheck = 1600;
				LastUpgradeCheck = 1600;
				TargetAttributes = {
					07ACEFAB2CA46AE2004F0E32 = {
						CreatedOnToolsVersion = 16.0;
					};
					07ACEFBB2CA46AE3004F0E32 = {
						CreatedOnToolsVersion = 16.0;
						TestTargetID = 07ACEFAB2CA46AE2004F0E32;
					};
					07ACEFC52CA46AE3004F0E32 = {
						CreatedOnToolsVersion = 16.0;
						TestTargetID = 07ACEFAB2CA46AE2004F0E32;
					};
				};
			};
			buildConfigurationList = 07ACEFA72CA46AE2004F0E32 /* Build configuration list for PBXProject "WeatherForcast" */;
			developmentRegion = en;
			hasScannedForEncodings = 0;
			knownRegions = (
				en,
				Base,
			);
			mainGroup = 07ACEFA32CA46AE2004F0E32;
			minimizedProjectReferenceProxies = 1;
			preferredProjectObjectVersion = 77;
			productRefGroup = 07ACEFAD2CA46AE2004F0E32 /* Products */;
			projectDirPath = "";
			projectRoot = "";
			targets = (
				07ACEFAB2CA46AE2004F0E32 /* WeatherForcast */,
				07ACEFBB2CA46AE3004F0E32 /* WeatherForcastTests */,
				07ACEFC52CA46AE3004F0E32 /* WeatherForcastUITests */,
			);
		};
/* End PBXProject section */

/* Begin PBXResourcesBuildPhase section */
		07ACEFAA2CA46AE2004F0E32 /* Resources */ = {
			isa = PBXResourcesBuildPhase;
			buildActionMask = 2147483647;
			files = (
			);
			runOnlyForDeploymentPostprocessing = 0;
		};
		07ACEFBA2CA46AE3004F0E32 /* Resources */ = {
			isa = PBXResourcesBuildPhase;
			buildActionMask = 2147483647;
			files = (
			);
			runOnlyForDeploymentPostprocessing = 0;
		};
		07ACEFC42CA46AE3004F0E32 /* Resources */ = {
			isa = PBXResourcesBuildPhase;
			buildActionMask = 2147483647;
			files = (
			);
			runOnlyForDeploymentPostprocessing = 0;
		};
/* End PBXResourcesBuildPhase section */

/* Begin PBXSourcesBuildPhase section */
		07ACEFA82CA46AE2004F0E32 /* Sources */ = {
			isa = PBXSourcesBuildPhase;
			buildActionMask = 2147483647;
			files = (
			);
			runOnlyForDeploymentPostprocessing = 0;
		};
		07ACEFB82CA46AE3004F0E32 /* Sources */ = {
			isa = PBXSourcesBuildPhase;
			buildActionMask = 2147483647;
			files = (
			);
			runOnlyForDeploymentPostprocessing = 0;
		};
		07ACEFC22CA46AE3004F0E32 /* Sources */ = {
			isa = PBXSourcesBuildPhase;
			buildActionMask = 2147483647;
			files = (
			);
			runOnlyForDeploymentPostprocessing = 0;
		};
/* End PBXSourcesBuildPhase section */

/* Begin PBXTargetDependency section */
		07ACEFBE2CA46AE3004F0E32 /* PBXTargetDependency */ = {
			isa = PBXTargetDependency;
			target = 07ACEFAB2CA46AE2004F0E32 /* WeatherForcast */;
			targetProxy = 07ACEFBD2CA46AE3004F0E32 /* PBXContainerItemProxy */;
		};
		07ACEFC82CA46AE3004F0E32 /* PBXTargetDependency */ = {
			isa = PBXTargetDependency;
			target = 07ACEFAB2CA46AE2004F0E32 /* WeatherForcast */;
			targetProxy = 07ACEFC72CA46AE3004F0E32 /* PBXContainerItemProxy */;
		};
/* End PBXTargetDependency section */

/* Begin XCBuildConfiguration section */
		07ACEFCE2CA46AE3004F0E32 /* Debug */ = {
			isa = XCBuildConfiguration;
			buildSettings = {
				ALWAYS_SEARCH_USER_PATHS = NO;
				ASSETCATALOG_COMPILER_GENERATE_SWIFT_ASSET_SYMBOL_EXTENSIONS = YES;
				CLANG_ANALYZER_NONNULL = YES;
				CLANG_ANALYZER_NUMBER_OBJECT_CONVERSION = YES_AGGRESSIVE;
				CLANG_CXX_LANGUAGE_STANDARD = "gnu++20";
				CLANG_ENABLE_MODULES = YES;
				CLANG_ENABLE_OBJC_ARC = YES;
				CLANG_ENABLE_OBJC_WEAK = YES;
				CLANG_WARN_BLOCK_CAPTURE_AUTORELEASING = YES;
				CLANG_WARN_BOOL_CONVERSION = YES;
				CLANG_WARN_COMMA = YES;
				CLANG_WARN_CONSTANT_CONVERSION = YES;
				CLANG_WARN_DEPRECATED_OBJC_IMPLEMENTATIONS = YES;
				CLANG_WARN_DIRECT_OBJC_ISA_USAGE = YES_ERROR;
				CLANG_WARN_DOCUMENTATION_COMMENTS = YES;
				CLANG_WARN_EMPTY_BODY = YES;
				CLANG_WARN_ENUM_CONVERSION = YES;
				CLANG_WARN_INFINITE_RECURSION = YES;
				CLANG_WARN_INT_CONVERSION = YES;
				CLANG_WARN_NON_LITERAL_NULL_CONVERSION = YES;
				CLANG_WARN_OBJC_IMPLICIT_RETAIN_SELF = YES;
				CLANG_WARN_OBJC_LITERAL_CONVERSION = YES;
				CLANG_WARN_OBJC_ROOT_CLASS = YES_ERROR;
				CLANG_WARN_QUOTED_INCLUDE_IN_FRAMEWORK_HEADER = YES;
				CLANG_WARN_RANGE_LOOP_ANALYSIS = YES;
				CLANG_WARN_STRICT_PROTOTYPES = YES;
				CLANG_WARN_SUSPICIOUS_MOVE = YES;
				CLANG_WARN_UNGUARDED_AVAILABILITY = YES_AGGRESSIVE;
				CLANG_WARN_UNREACHABLE_CODE = YES;
				CLANG_WARN__DUPLICATE_METHOD_MATCH = YES;
				COPY_PHASE_STRIP = NO;
				DEBUG_INFORMATION_FORMAT = dwarf;
				ENABLE_STRICT_OBJC_MSGSEND = YES;
				ENABLE_TESTABILITY = YES;
				ENABLE_USER_SCRIPT_SANDBOXING = YES;
				GCC_C_LANGUAGE_STANDARD = gnu17;
				GCC_DYNAMIC_NO_PIC = NO;
				GCC_NO_COMMON_BLOCKS = YES;
				GCC_OPTIMIZATION_LEVEL = 0;
				GCC_PREPROCESSOR_DEFINITIONS = (
					"DEBUG=1",
					"$(inherited)",
				);
				GCC_WARN_64_TO_32_BIT_CONVERSION = YES;
				GCC_WARN_ABOUT_RETURN_TYPE = YES_ERROR;
				GCC_WARN_UNDECLARED_SELECTOR = YES;
				GCC_WARN_UNINITIALIZED_AUTOS = YES_AGGRESSIVE;
				GCC_WARN_UNUSED_FUNCTION = YES;
				GCC_WARN_UNUSED_VARIABLE = YES;
				IPHONEOS_DEPLOYMENT_TARGET = 18.0;
				LOCALIZATION_PREFERS_STRING_CATALOGS = YES;
				MTL_ENABLE_DEBUG_INFO = INCLUDE_SOURCE;
				MTL_FAST_MATH = YES;
				ONLY_ACTIVE_ARCH = YES;
				SDKROOT = iphoneos;
				SWIFT_ACTIVE_COMPILATION_CONDITIONS = "DEBUG $(inherited)";
				SWIFT_OPTIMIZATION_LEVEL = "-Onone";
			};
			name = Debug;
		};
		07ACEFCF2CA46AE3004F0E32 /* Release */ = {
			isa = XCBuildConfiguration;
			buildSettings = {
				ALWAYS_SEARCH_USER_PATHS = NO;
				ASSETCATALOG_COMPILER_GENERATE_SWIFT_ASSET_SYMBOL_EXTENSIONS = YES;
				CLANG_ANALYZER_NONNULL = YES;
				CLANG_ANALYZER_NUMBER_OBJECT_CONVERSION = YES_AGGRESSIVE;
				CLANG_CXX_LANGUAGE_STANDARD = "gnu++20";
				CLANG_ENABLE_MODULES = YES;
				CLANG_ENABLE_OBJC_ARC = YES;
				CLANG_ENABLE_OBJC_WEAK = YES;
				CLANG_WARN_BLOCK_CAPTURE_AUTORELEASING = YES;
				CLANG_WARN_BOOL_CONVERSION = YES;
				CLANG_WARN_COMMA = YES;
				CLANG_WARN_CONSTANT_CONVERSION = YES;
				CLANG_WARN_DEPRECATED_OBJC_IMPLEMENTATIONS = YES;
				CLANG_WARN_DIRECT_OBJC_ISA_USAGE = YES_ERROR;
				CLANG_WARN_DOCUMENTATION_COMMENTS = YES;
				CLANG_WARN_EMPTY_BODY = YES;
				CLANG_WARN_ENUM_CONVERSION = YES;
				CLANG_WARN_INFINITE_RECURSION = YES;
				CLANG_WARN_INT_CONVERSION = YES;
				CLANG_WARN_NON_LITERAL_NULL_CONVERSION = YES;
				CLANG_WARN_OBJC_IMPLICIT_RETAIN_SELF = YES;
				CLANG_WARN_OBJC_LITERAL_CONVERSION = YES;
				CLANG_WARN_OBJC_ROOT_CLASS = YES_ERROR;
				CLANG_WARN_QUOTED_INCLUDE_IN_FRAMEWORK_HEADER = YES;
				CLANG_WARN_RANGE_LOOP_ANALYSIS = YES;
				CLANG_WARN_STRICT_PROTOTYPES = YES;
				CLANG_WARN_SUSPICIOUS_MOVE = YES;
				CLANG_WARN_UNGUARDED_AVAILABILITY = YES_AGGRESSIVE;
				CLANG_WARN_UNREACHABLE_CODE = YES;
				CLANG_WARN__DUPLICATE_METHOD_MATCH = YES;
				COPY_PHASE_STRIP = NO;
				DEBUG_INFORMATION_FORMAT = "dwarf-with-dsym";
				ENABLE_NS_ASSERTIONS = NO;
				ENABLE_STRICT_OBJC_MSGSEND = YES;
				ENABLE_USER_SCRIPT_SANDBOXING = YES;
				GCC_C_LANGUAGE_STANDARD = gnu17;
				GCC_NO_COMMON_BLOCKS = YES;
				GCC_WARN_64_TO_32_BIT_CONVERSION = YES;
				GCC_WARN_ABOUT_RETURN_TYPE = YES_ERROR;
				GCC_WARN_UNDECLARED_SELECTOR = YES;
				GCC_WARN_UNINITIALIZED_AUTOS = YES_AGGRESSIVE;
				GCC_WARN_UNUSED_FUNCTION = YES;
				GCC_WARN_UNUSED_VARIABLE = YES;
				IPHONEOS_DEPLOYMENT_TARGET = 18.0;
				LOCALIZATION_PREFERS_STRING_CATALOGS = YES;
				MTL_ENABLE_DEBUG_INFO = NO;
				MTL_FAST_MATH = YES;
				SDKROOT = iphoneos;
				SWIFT_COMPILATION_MODE = wholemodule;
				VALIDATE_PRODUCT = YES;
			};
			name = Release;
		};
		07ACEFD12CA46AE3004F0E32 /* Debug */ = {
			isa = XCBuildConfiguration;
			buildSettings = {
				ASSETCATALOG_COMPILER_APPICON_NAME = AppIcon;
				ASSETCATALOG_COMPILER_GLOBAL_ACCENT_COLOR_NAME = AccentColor;
				CODE_SIGN_STYLE = Automatic;
				CURRENT_PROJECT_VERSION = 1;
				DEVELOPMENT_ASSET_PATHS = "\"WeatherForcast/Preview Content\"";
				ENABLE_PREVIEWS = YES;
				GENERATE_INFOPLIST_FILE = YES;
				INFOPLIST_KEY_UIApplicationSceneManifest_Generation = YES;
				INFOPLIST_KEY_UIApplicationSupportsIndirectInputEvents = YES;
				INFOPLIST_KEY_UILaunchScreen_Generation = YES;
				INFOPLIST_KEY_UISupportedInterfaceOrientations_iPad = "UIInterfaceOrientationPortrait UIInterfaceOrientationPortraitUpsideDown UIInterfaceOrientationLandscapeLeft UIInterfaceOrientationLandscapeRight";
				INFOPLIST_KEY_UISupportedInterfaceOrientations_iPhone = "UIInterfaceOrientationPortrait UIInterfaceOrientationLandscapeLeft UIInterfaceOrientationLandscapeRight";
				LD_RUNPATH_SEARCH_PATHS = (
					"$(inherited)",
					"@executable_path/Frameworks",
				);
				MARKETING_VERSION = 1.0;
				PRODUCT_BUNDLE_IDENTIFIER = name.Pavan.WeatherForcast;
				PRODUCT_NAME = "$(TARGET_NAME)";
				SWIFT_EMIT_LOC_STRINGS = YES;
				SWIFT_VERSION = 5.0;
				TARGETED_DEVICE_FAMILY = "1,2";
			};
			name = Debug;
		};
		07ACEFD22CA46AE3004F0E32 /* Release */ = {
			isa = XCBuildConfiguration;
			buildSettings = {
				ASSETCATALOG_COMPILER_APPICON_NAME = AppIcon;
				ASSETCATALOG_COMPILER_GLOBAL_ACCENT_COLOR_NAME = AccentColor;
				CODE_SIGN_STYLE = Automatic;
				CURRENT_PROJECT_VERSION = 1;
				DEVELOPMENT_ASSET_PATHS = "\"WeatherForcast/Preview Content\"";
				ENABLE_PREVIEWS = YES;
				GENERATE_INFOPLIST_FILE = YES;
				INFOPLIST_KEY_UIApplicationSceneManifest_Generation = YES;
				INFOPLIST_KEY_UIApplicationSupportsIndirectInputEvents = YES;
				INFOPLIST_KEY_UILaunchScreen_Generation = YES;
				INFOPLIST_KEY_UISupportedInterfaceOrientations_iPad = "UIInterfaceOrientationPortrait UIInterfaceOrientationPortraitUpsideDown UIInterfaceOrientationLandscapeLeft UIInterfaceOrientationLandscapeRight";
				INFOPLIST_KEY_UISupportedInterfaceOrientations_iPhone = "UIInterfaceOrientationPortrait UIInterfaceOrientationLandscapeLeft UIInterfaceOrientationLandscapeRight";
				LD_RUNPATH_SEARCH_PATHS = (
					"$(inherited)",
					"@executable_path/Frameworks",
				);
				MARKETING_VERSION = 1.0;
				PRODUCT_BUNDLE_IDENTIFIER = name.Pavan.WeatherForcast;
				PRODUCT_NAME = "$(TARGET_NAME)";
				SWIFT_EMIT_LOC_STRINGS = YES;
				SWIFT_VERSION = 5.0;
				TARGETED_DEVICE_FAMILY = "1,2";
			};
			name = Release;
		};
		07ACEFD42CA46AE3004F0E32 /* Debug */ = {
			isa = XCBuildConfiguration;
			buildSettings = {
				BUNDLE_LOADER = "$(TEST_HOST)";
				CODE_SIGN_STYLE = Automatic;
				CURRENT_PROJECT_VERSION = 1;
				GENERATE_INFOPLIST_FILE = YES;
				IPHONEOS_DEPLOYMENT_TARGET = 18.0;
				MARKETING_VERSION = 1.0;
				PRODUCT_BUNDLE_IDENTIFIER = name.Pavan.WeatherForcastTests;
				PRODUCT_NAME = "$(TARGET_NAME)";
				SWIFT_EMIT_LOC_STRINGS = NO;
				SWIFT_VERSION = 5.0;
				TARGETED_DEVICE_FAMILY = "1,2";
				TEST_HOST = "$(BUILT_PRODUCTS_DIR)/WeatherForcast.app/$(BUNDLE_EXECUTABLE_FOLDER_PATH)/WeatherForcast";
			};
			name = Debug;
		};
		07ACEFD52CA46AE3004F0E32 /* Release */ = {
			isa = XCBuildConfiguration;
			buildSettings = {
				BUNDLE_LOADER = "$(TEST_HOST)";
				CODE_SIGN_STYLE = Automatic;
				CURRENT_PROJECT_VERSION = 1;
				GENERATE_INFOPLIST_FILE = YES;
				IPHONEOS_DEPLOYMENT_TARGET = 18.0;
				MARKETING_VERSION = 1.0;
				PRODUCT_BUNDLE_IDENTIFIER = name.Pavan.WeatherForcastTests;
				PRODUCT_NAME = "$(TARGET_NAME)";
				SWIFT_EMIT_LOC_STRINGS = NO;
				SWIFT_VERSION = 5.0;
				TARGETED_DEVICE_FAMILY = "1,2";
				TEST_HOST = "$(BUILT_PRODUCTS_DIR)/WeatherForcast.app/$(BUNDLE_EXECUTABLE_FOLDER_PATH)/WeatherForcast";
			};
			name = Release;
		};
		07ACEFD72CA46AE3004F0E32 /* Debug */ = {
			isa = XCBuildConfiguration;
			buildSettings = {
				CODE_SIGN_STYLE = Automatic;
				CURRENT_PROJECT_VERSION = 1;
				GENERATE_INFOPLIST_FILE = YES;
				MARKETING_VERSION = 1.0;
				PRODUCT_BUNDLE_IDENTIFIER = name.Pavan.WeatherForcastUITests;
				PRODUCT_NAME = "$(TARGET_NAME)";
				SWIFT_EMIT_LOC_STRINGS = NO;
				SWIFT_VERSION = 5.0;
				TARGETED_DEVICE_FAMILY = "1,2";
				TEST_TARGET_NAME = WeatherForcast;
			};
			name = Debug;
		};
		07ACEFD82CA46AE3004F0E32 /* Release */ = {
			isa = XCBuildConfiguration;
			buildSettings = {
				CODE_SIGN_STYLE = Automatic;
				CURRENT_PROJECT_VERSION = 1;
				GENERATE_INFOPLIST_FILE = YES;
				MARKETING_VERSION = 1.0;
				PRODUCT_BUNDLE_IDENTIFIER = name.Pavan.WeatherForcastUITests;
				PRODUCT_NAME = "$(TARGET_NAME)";
				SWIFT_EMIT_LOC_STRINGS = NO;
				SWIFT_VERSION = 5.0;
				TARGETED_DEVICE_FAMILY = "1,2";
				TEST_TARGET_NAME = WeatherForcast;
			};
			name = Release;
		};
/* End XCBuildConfiguration section */

/* Begin XCConfigurationList section */
		07ACEFA72CA46AE2004F0E32 /* Build configuration list for PBXProject "WeatherForcast" */ = {
			isa = XCConfigurationList;
			buildConfigurations = (
				07ACEFCE2CA46AE3004F0E32 /* Debug */,
				07ACEFCF2CA46AE3004F0E32 /* Release */,
			);
			defaultConfigurationIsVisible = 0;
			defaultConfigurationName = Release;
		};
		07ACEFD02CA46AE3004F0E32 /* Build configuration list for PBXNativeTarget "WeatherForcast" */ = {
			isa = XCConfigurationList;
			buildConfigurations = (
				07ACEFD12CA46AE3004F0E32 /* Debug */,
				07ACEFD22CA46AE3004F0E32 /* Release */,
			);
			defaultConfigurationIsVisible = 0;
			defaultConfigurationName = Release;
		};
		07ACEFD32CA46AE3004F0E32 /* Build configuration list for PBXNativeTarget "WeatherForcastTests" */ = {
			isa = XCConfigurationList;
			buildConfigurations = (
				07ACEFD42CA46AE3004F0E32 /* Debug */,
				07ACEFD52CA46AE3004F0E32 /* Release */,
			);
			defaultConfigurationIsVisible = 0;
			defaultConfigurationName = Release;
		};
		07ACEFD62CA46AE3004F0E32 /* Build configuration list for PBXNativeTarget "WeatherForcastUITests" */ = {
			isa = XCConfigurationList;
			buildConfigurations = (
				07ACEFD72CA46AE3004F0E32 /* Debug */,
				07ACEFD82CA46AE3004F0E32 /* Release */,
			);
			defaultConfigurationIsVisible = 0;
			defaultConfigurationName = Release;
		};
/* End XCConfigurationList section */
	};
	rootObject = 07ACEFA42CA46AE2004F0E32 /* Project object */;
}
